// !$*UTF8*$!
{
	archiveVersion = 1;
	classes = {
	};
	objectVersion = 50;
	objects = {

/* Begin PBXBuildFile section */
		54306B5926E2B64C00E5694A /* pehoApp.swift in Sources */ = {isa = PBXBuildFile; fileRef = 54306B5826E2B64C00E5694A /* pehoApp.swift */; };
		54306B5B26E2B64C00E5694A /* ContentView.swift in Sources */ = {isa = PBXBuildFile; fileRef = 54306B5A26E2B64C00E5694A /* ContentView.swift */; };
		54306B5D26E2B65400E5694A /* Assets.xcassets in Resources */ = {isa = PBXBuildFile; fileRef = 54306B5C26E2B65400E5694A /* Assets.xcassets */; };
		54306B6026E2B65400E5694A /* Preview Assets.xcassets in Resources */ = {isa = PBXBuildFile; fileRef = 54306B5F26E2B65400E5694A /* Preview Assets.xcassets */; };
		54306B6926E2B97000E5694A /* data.swift in Sources */ = {isa = PBXBuildFile; fileRef = 54306B6826E2B97000E5694A /* data.swift */; };
		54306B7226E6387B00E5694A /* recepie.swift in Sources */ = {isa = PBXBuildFile; fileRef = 54306B7126E6387800E5694A /* recepie.swift */; };
/* End PBXBuildFile section */

/* Begin PBXFileReference section */
		54306B5526E2B64C00E5694A /* peho.app */ = {isa = PBXFileReference; explicitFileType = wrapper.application; includeInIndex = 0; path = peho.app; sourceTree = BUILT_PRODUCTS_DIR; };
		54306B5826E2B64C00E5694A /* pehoApp.swift */ = {isa = PBXFileReference; lastKnownFileType = sourcecode.swift; path = pehoApp.swift; sourceTree = "<group>"; };
		54306B5A26E2B64C00E5694A /* ContentView.swift */ = {isa = PBXFileReference; lastKnownFileType = sourcecode.swift; path = ContentView.swift; sourceTree = "<group>"; };
		54306B5C26E2B65400E5694A /* Assets.xcassets */ = {isa = PBXFileReference; lastKnownFileType = folder.assetcatalog; path = Assets.xcassets; sourceTree = "<group>"; };
		54306B5F26E2B65400E5694A /* Preview Assets.xcassets */ = {isa = PBXFileReference; lastKnownFileType = folder.assetcatalog; path = "Preview Assets.xcassets"; sourceTree = "<group>"; };
		54306B6126E2B65400E5694A /* Info.plist */ = {isa = PBXFileReference; lastKnownFileType = text.plist.xml; path = Info.plist; sourceTree = "<group>"; };
		54306B6826E2B97000E5694A /* data.swift */ = {isa = PBXFileReference; lastKnownFileType = sourcecode.swift; path = data.swift; sourceTree = "<group>"; };
		54306B7126E6387800E5694A /* recepie.swift */ = {isa = PBXFileReference; lastKnownFileType = sourcecode.swift; path = recepie.swift; sourceTree = "<group>"; };
/* End PBXFileReference section */

/* Begin PBXFrameworksBuildPhase section */
		54306B5226E2B64C00E5694A /* Frameworks */ = {
			isa = PBXFrameworksBuildPhase;
			buildActionMask = 2147483647;
			files = (
			);
			runOnlyForDeploymentPostprocessing = 0;
		};
/* End PBXFrameworksBuildPhase section */

/* Begin PBXGroup section */
		54306B4C26E2B64B00E5694A = {
			isa = PBXGroup;
			children = (
				54306B5726E2B64C00E5694A /* peho */,
				54306B5626E2B64C00E5694A /* Products */,
			);
			sourceTree = "<group>";
		};
		54306B5626E2B64C00E5694A /* Products */ = {
			isa = PBXGroup;
			children = (
				54306B5526E2B64C00E5694A /* peho.app */,
			);
			name = Products;
			sourceTree = "<group>";
		};
		54306B5726E2B64C00E5694A /* peho */ = {
			isa = PBXGroup;
			children = (
				54306B5826E2B64C00E5694A /* pehoApp.swift */,
				54306B5A26E2B64C00E5694A /* ContentView.swift */,
				54306B7126E6387800E5694A /* recepie.swift */,
				54306B6826E2B97000E5694A /* data.swift */,
				54306B5C26E2B65400E5694A /* Assets.xcassets */,
				54306B6126E2B65400E5694A /* Info.plist */,
				54306B5E26E2B65400E5694A /* Preview Content */,
			);
			path = peho;
			sourceTree = "<group>";
		};
		54306B5E26E2B65400E5694A /* Preview Content */ = {
			isa = PBXGroup;
			children = (
				54306B5F26E2B65400E5694A /* Preview Assets.xcassets */,
			);
			path = "Preview Content";
			sourceTree = "<group>";
		};
/* End PBXGroup section */

/* Begin PBXNativeTarget section */
		54306B5426E2B64C00E5694A /* peho */ = {
			isa = PBXNativeTarget;
			buildConfigurationList = 54306B6426E2B65400E5694A /* Build configuration list for PBXNativeTarget "peho" */;
			buildPhases = (
				54306B5126E2B64C00E5694A /* Sources */,
				54306B5226E2B64C00E5694A /* Frameworks */,
				54306B5326E2B64C00E5694A /* Resources */,
			);
			buildRules = (
			);
			dependencies = (
			);
			name = peho;
			productName = peho;
			productReference = 54306B5526E2B64C00E5694A /* peho.app */;
			productType = "com.apple.product-type.application";
		};
/* End PBXNativeTarget section */

/* Begin PBXProject section */
		54306B4D26E2B64B00E5694A /* Project object */ = {
			isa = PBXProject;
			attributes = {
				LastSwiftUpdateCheck = 1220;
				LastUpgradeCheck = 1220;
				TargetAttributes = {
					54306B5426E2B64C00E5694A = {
						CreatedOnToolsVersion = 12.2;
					};
				};
			};
			buildConfigurationList = 54306B5026E2B64B00E5694A /* Build configuration list for PBXProject "peho" */;
			compatibilityVersion = "Xcode 9.3";
			developmentRegion = en;
			hasScannedForEncodings = 0;
			knownRegions = (
				en,
				Base,
			);
			mainGroup = 54306B4C26E2B64B00E5694A;
			productRefGroup = 54306B5626E2B64C00E5694A /* Products */;
			projectDirPath = "";
			projectRoot = "";
			targets = (
				54306B5426E2B64C00E5694A /* peho */,
			);
		};
/* End PBXProject section */

/* Begin PBXResourcesBuildPhase section */
		54306B5326E2B64C00E5694A /* Resources */ = {
			isa = PBXResourcesBuildPhase;
			buildActionMask = 2147483647;
			files = (
				54306B6026E2B65400E5694A /* Preview Assets.xcassets in Resources */,
				54306B5D26E2B65400E5694A /* Assets.xcassets in Resources */,
			);
			runOnlyForDeploymentPostprocessing = 0;
		};
/* End PBXResourcesBuildPhase section */

/* Begin PBXSourcesBuildPhase section */
		54306B5126E2B64C00E5694A /* Sources */ = {
			isa = PBXSourcesBuildPhase;
			buildActionMask = 2147483647;
			files = (
				54306B5B26E2B64C00E5694A /* ContentView.swift in Sources */,
				54306B7226E6387B00E5694A /* recepie.swift in Sources */,
				54306B6926E2B97000E5694A /* data.swift in Sources */,
				54306B5926E2B64C00E5694A /* pehoApp.swift in Sources */,
			);
			runOnlyForDeploymentPostprocessing = 0;
		};
/* End PBXSourcesBuildPhase section */

/* Begin XCBuildConfiguration section */
		54306B6226E2B65400E5694A /* Debug */ = {
			isa = XCBuildConfiguration;
			buildSettings = {
				ALWAYS_SEARCH_USER_PATHS = NO;
				CLANG_ANALYZER_NONNULL = YES;
				CLANG_ANALYZER_NUMBER_OBJECT_CONVERSION = YES_AGGRESSIVE;
				CLANG_CXX_LANGUAGE_STANDARD = "gnu++14";
				CLANG_CXX_LIBRARY = "libc++";
				CLANG_ENABLE_MODULES = YES;
				CLANG_ENABLE_OBJC_ARC = YES;
				CLANG_ENABLE_OBJC_WEAK = YES;
				CLANG_WARN_BLOCK_CAPTURE_AUTORELEASING = YES;
				CLANG_WARN_BOOL_CONVERSION = YES;
				CLANG_WARN_COMMA = YES;
				CLANG_WARN_CONSTANT_CONVERSION = YES;
				CLANG_WARN_DEPRECATED_OBJC_IMPLEMENTATIONS = YES;
				CLANG_WARN_DIRECT_OBJC_ISA_USAGE = YES_ERROR;
				CLANG_WARN_DOCUMENTATION_COMMENTS = YES;
				CLANG_WARN_EMPTY_BODY = YES;
				CLANG_WARN_ENUM_CONVERSION = YES;
				CLANG_WARN_INFINITE_RECURSION = YES;
				CLANG_WARN_INT_CONVERSION = YES;
				CLANG_WARN_NON_LITERAL_NULL_CONVERSION = YES;
				CLANG_WARN_OBJC_IMPLICIT_RETAIN_SELF = YES;
				CLANG_WARN_OBJC_LITERAL_CONVERSION = YES;
				CLANG_WARN_OBJC_ROOT_CLASS = YES_ERROR;
				CLANG_WARN_QUOTED_INCLUDE_IN_FRAMEWORK_HEADER = YES;
				CLANG_WARN_RANGE_LOOP_ANALYSIS = YES;
				CLANG_WARN_STRICT_PROTOTYPES = YES;
				CLANG_WARN_SUSPICIOUS_MOVE = YES;
				CLANG_WARN_UNGUARDED_AVAILABILITY = YES_AGGRESSIVE;
				CLANG_WARN_UNREACHABLE_CODE = YES;
				CLANG_WARN__DUPLICATE_METHOD_MATCH = YES;
				COPY_PHASE_STRIP = NO;
				DEBUG_INFORMATION_FORMAT = dwarf;
				ENABLE_STRICT_OBJC_MSGSEND = YES;
				ENABLE_TESTABILITY = YES;
				GCC_C_LANGUAGE_STANDARD = gnu11;
				GCC_DYNAMIC_NO_PIC = NO;
				GCC_NO_COMMON_BLOCKS = YES;
				GCC_OPTIMIZATION_LEVEL = 0;
				GCC_PREPROCESSOR_DEFINITIONS = (
					"DEBUG=1",
					"$(inherited)",
				);
				GCC_WARN_64_TO_32_BIT_CONVERSION = YES;
				GCC_WARN_ABOUT_RETURN_TYPE = YES_ERROR;
				GCC_WARN_UNDECLARED_SELECTOR = YES;
				GCC_WARN_UNINITIALIZED_AUTOS = YES_AGGRESSIVE;
				GCC_WARN_UNUSED_FUNCTION = YES;
				GCC_WARN_UNUSED_VARIABLE = YES;
				IPHONEOS_DEPLOYMENT_TARGET = 14.2;
				MTL_ENABLE_DEBUG_INFO = INCLUDE_SOURCE;
				MTL_FAST_MATH = YES;
				ONLY_ACTIVE_ARCH = YES;
				SDKROOT = iphoneos;
				SWIFT_ACTIVE_COMPILATION_CONDITIONS = DEBUG;
				SWIFT_OPTIMIZATION_LEVEL = "-Onone";
			};
			name = Debug;
		};
		54306B6326E2B65400E5694A /* Release */ = {
			isa = XCBuildConfiguration;
			buildSettings = {
				ALWAYS_SEARCH_USER_PATHS = NO;
				CLANG_ANALYZER_NONNULL = YES;
				CLANG_ANALYZER_NUMBER_OBJECT_CONVERSION = YES_AGGRESSIVE;
				CLANG_CXX_LANGUAGE_STANDARD = "gnu++14";
				CLANG_CXX_LIBRARY = "libc++";
				CLANG_ENABLE_MODULES = YES;
				CLANG_ENABLE_OBJC_ARC = YES;
				CLANG_ENABLE_OBJC_WEAK = YES;
				CLANG_WARN_BLOCK_CAPTURE_AUTORELEASING = YES;
				CLANG_WARN_BOOL_CONVERSION = YES;
				CLANG_WARN_COMMA = YES;
				CLANG_WARN_CONSTANT_CONVERSION = YES;
				CLANG_WARN_DEPRECATED_OBJC_IMPLEMENTATIONS = YES;
				CLANG_WARN_DIRECT_OBJC_ISA_USAGE = YES_ERROR;
				CLANG_WARN_DOCUMENTATION_COMMENTS = YES;
				CLANG_WARN_EMPTY_BODY = YES;
				CLANG_WARN_ENUM_CONVERSION = YES;
				CLANG_WARN_INFINITE_RECURSION = YES;
				CLANG_WARN_INT_CONVERSION = YES;
				CLANG_WARN_NON_LITERAL_NULL_CONVERSION = YES;
				CLANG_WARN_OBJC_IMPLICIT_RETAIN_SELF = YES;
				CLANG_WARN_OBJC_LITERAL_CONVERSION = YES;
				CLANG_WARN_OBJC_ROOT_CLASS = YES_ERROR;
				CLANG_WARN_QUOTED_INCLUDE_IN_FRAMEWORK_HEADER = YES;
				CLANG_WARN_RANGE_LOOP_ANALYSIS = YES;
				CLANG_WARN_STRICT_PROTOTYPES = YES;
				CLANG_WARN_SUSPICIOUS_MOVE = YES;
				CLANG_WARN_UNGUARDED_AVAILABILITY = YES_AGGRESSIVE;
				CLANG_WARN_UNREACHABLE_CODE = YES;
				CLANG_WARN__DUPLICATE_METHOD_MATCH = YES;
				COPY_PHASE_STRIP = NO;
				DEBUG_INFORMATION_FORMAT = "dwarf-with-dsym";
				ENABLE_NS_ASSERTIONS = NO;
				ENABLE_STRICT_OBJC_MSGSEND = YES;
				GCC_C_LANGUAGE_STANDARD = gnu11;
				GCC_NO_COMMON_BLOCKS = YES;
				GCC_WARN_64_TO_32_BIT_CONVERSION = YES;
				GCC_WARN_ABOUT_RETURN_TYPE = YES_ERROR;
				GCC_WARN_UNDECLARED_SELECTOR = YES;
				GCC_WARN_UNINITIALIZED_AUTOS = YES_AGGRESSIVE;
				GCC_WARN_UNUSED_FUNCTION = YES;
				GCC_WARN_UNUSED_VARIABLE = YES;
				IPHONEOS_DEPLOYMENT_TARGET = 14.2;
				MTL_ENABLE_DEBUG_INFO = NO;
				MTL_FAST_MATH = YES;
				SDKROOT = iphoneos;
				SWIFT_COMPILATION_MODE = wholemodule;
				SWIFT_OPTIMIZATION_LEVEL = "-O";
				VALIDATE_PRODUCT = YES;
			};
			name = Release;
		};
		54306B6526E2B65400E5694A /* Debug */ = {
			isa = XCBuildConfiguration;
			buildSettings = {
				ASSETCATALOG_COMPILER_APPICON_NAME = AppIcon;
				ASSETCATALOG_COMPILER_GLOBAL_ACCENT_COLOR_NAME = AccentColor;
				CODE_SIGN_STYLE = Automatic;
				DEVELOPMENT_ASSET_PATHS = "\"peho/Preview Content\"";
				ENABLE_PREVIEWS = YES;
				INFOPLIST_FILE = peho/Info.plist;
				IPHONEOS_DEPLOYMENT_TARGET = 14.0;
				LD_RUNPATH_SEARCH_PATHS = (
					"$(inherited)",
					"@executable_path/Frameworks",
				);
				PRODUCT_BUNDLE_IDENTIFIER = lesha.peho;
				PRODUCT_NAME = "$(TARGET_NAME)";
				SWIFT_VERSION = 5.0;
				TARGETED_DEVICE_FAMILY = "1,2";
			};
			name = Debug;
		};
		54306B6626E2B65400E5694A /* Release */ = {
			isa = XCBuildConfiguration;
			buildSettings = {
				ASSETCATALOG_COMPILER_APPICON_NAME = AppIcon;
				ASSETCATALOG_COMPILER_GLOBAL_ACCENT_COLOR_NAME = AccentColor;
				CODE_SIGN_STYLE = Automatic;
				DEVELOPMENT_ASSET_PATHS = "\"peho/Preview Content\"";
				ENABLE_PREVIEWS = YES;
				INFOPLIST_FILE = peho/Info.plist;
				IPHONEOS_DEPLOYMENT_TARGET = 14.0;
				LD_RUNPATH_SEARCH_PATHS = (
					"$(inherited)",
					"@executable_path/Frameworks",
				);
				PRODUCT_BUNDLE_IDENTIFIER = lesha.peho;
				PRODUCT_NAME = "$(TARGET_NAME)";
				SWIFT_VERSION = 5.0;
				TARGETED_DEVICE_FAMILY = "1,2";
			};
			name = Release;
		};
/* End XCBuildConfiguration section */

/* Begin XCConfigurationList section */
		54306B5026E2B64B00E5694A /* Build configuration list for PBXProject "peho" */ = {
			isa = XCConfigurationList;
			buildConfigurations = (
				54306B6226E2B65400E5694A /* Debug */,
				54306B6326E2B65400E5694A /* Release */,
			);
			defaultConfigurationIsVisible = 0;
			defaultConfigurationName = Release;
		};
		54306B6426E2B65400E5694A /* Build configuration list for PBXNativeTarget "peho" */ = {
			isa = XCConfigurationList;
			buildConfigurations = (
				54306B6526E2B65400E5694A /* Debug */,
				54306B6626E2B65400E5694A /* Release */,
			);
			defaultConfigurationIsVisible = 0;
			defaultConfigurationName = Release;
		};
/* End XCConfigurationList section */
	};
	rootObject = 54306B4D26E2B64B00E5694A /* Project object */;
}
